
Microsoft Visual Studio Solution File, Format Version 12.00
# Visual Studio Version 17
VisualStudioVersion = 17.3.32929.385
MinimumVisualStudioVersion = 10.0.40219.1
Project("{FAE04EC0-301F-11D3-BF4B-00C04F79EFBC}") = "PrimeiroProjeto", "PrimeiroProjeto.csproj", "{0E2F72C2-DAF1-4FD1-A998-8DFF0B306C95}"
EndProject
Global
	GlobalSection(SolutionConfigurationPlatforms) = preSolution
		Debug|Any CPU = Debug|Any CPU
		Release|Any CPU = Release|Any CPU
	EndGlobalSection
	GlobalSection(ProjectConfigurationPlatforms) = postSolution
		{0E2F72C2-DAF1-4FD1-A998-8DFF0B306C95}.Debug|Any CPU.ActiveCfg = Debug|Any CPU
		{0E2F72C2-DAF1-4FD1-A998-8DFF0B306C95}.Debug|Any CPU.Build.0 = Debug|Any CPU
		{0E2F72C2-DAF1-4FD1-A998-8DFF0B306C95}.Release|Any CPU.ActiveCfg = Release|Any CPU
		{0E2F72C2-DAF1-4FD1-A998-8DFF0B306C95}.Release|Any CPU.Build.0 = Release|Any CPU
	EndGlobalSection
	GlobalSection(SolutionProperties) = preSolution
		HideSolutionNode = FALSE
	EndGlobalSection
	GlobalSection(ExtensibilityGlobals) = postSolution
		SolutionGuid = {E805355A-A2C0-4FDA-AB5F-CEE936C814CE}
	EndGlobalSection
EndGlobal
