
Microsoft Visual Studio Solution File, Format Version 12.00
# Visual Studio Version 17
VisualStudioVersion = 17.4.33110.190
MinimumVisualStudioVersion = 10.0.40219.1
Project("{FAE04EC0-301F-11D3-BF4B-00C04F79EFBC}") = "ExerProdutosImportados", "ExerProdutosImportados.csproj", "{B564A57F-77FF-4A46-9311-85A6A3489F56}"
EndProject
Global
	GlobalSection(SolutionConfigurationPlatforms) = preSolution
		Debug|Any CPU = Debug|Any CPU
		Release|Any CPU = Release|Any CPU
	EndGlobalSection
	GlobalSection(ProjectConfigurationPlatforms) = postSolution
		{B564A57F-77FF-4A46-9311-85A6A3489F56}.Debug|Any CPU.ActiveCfg = Debug|Any CPU
		{B564A57F-77FF-4A46-9311-85A6A3489F56}.Debug|Any CPU.Build.0 = Debug|Any CPU
		{B564A57F-77FF-4A46-9311-85A6A3489F56}.Release|Any CPU.ActiveCfg = Release|Any CPU
		{B564A57F-77FF-4A46-9311-85A6A3489F56}.Release|Any CPU.Build.0 = Release|Any CPU
	EndGlobalSection
	GlobalSection(SolutionProperties) = preSolution
		HideSolutionNode = FALSE
	EndGlobalSection
	GlobalSection(ExtensibilityGlobals) = postSolution
		SolutionGuid = {55F10B35-0AB5-44A1-BF01-19078C77AC1B}
	EndGlobalSection
EndGlobal
